
Microsoft Visual Studio Solution File, Format Version 12.00
# Visual Studio Version 17
VisualStudioVersion = 17.4.33213.308
MinimumVisualStudioVersion = 10.0.40219.1
Project("{54A90642-561A-4BB1-A94E-469ADEE60C69}") = "database_test", "database_test.esproj", "{78A41E09-8A6C-4532-BF49-2CEAAAB00C49}"
EndProject
Global
	GlobalSection(SolutionConfigurationPlatforms) = preSolution
		Debug|Any CPU = Debug|Any CPU
		Release|Any CPU = Release|Any CPU
	EndGlobalSection
	GlobalSection(ProjectConfigurationPlatforms) = postSolution
		{78A41E09-8A6C-4532-BF49-2CEAAAB00C49}.Debug|Any CPU.ActiveCfg = Debug|Any CPU
		{78A41E09-8A6C-4532-BF49-2CEAAAB00C49}.Debug|Any CPU.Build.0 = Debug|Any CPU
		{78A41E09-8A6C-4532-BF49-2CEAAAB00C49}.Debug|Any CPU.Deploy.0 = Debug|Any CPU
		{78A41E09-8A6C-4532-BF49-2CEAAAB00C49}.Release|Any CPU.ActiveCfg = Release|Any CPU
		{78A41E09-8A6C-4532-BF49-2CEAAAB00C49}.Release|Any CPU.Build.0 = Release|Any CPU
		{78A41E09-8A6C-4532-BF49-2CEAAAB00C49}.Release|Any CPU.Deploy.0 = Release|Any CPU
	EndGlobalSection
	GlobalSection(SolutionProperties) = preSolution
		HideSolutionNode = FALSE
	EndGlobalSection
	GlobalSection(ExtensibilityGlobals) = postSolution
		SolutionGuid = {2454A2AE-BA57-459A-A2E3-59241C0042F0}
	EndGlobalSection
EndGlobal
